{
  "lockfileVersion": 1,
  "configVersion": 1,
  "workspaces": {
    "": {
      "name": "pi-vs-cc",
      "dependencies": {
        "@types/diff": "^7.0.2",
        "diff": "^8.0.3",
        "undici": "^8.0.2",
        "yaml": "^2.8.0",
      },
    },
  },
  "packages": {
    "@types/diff": ["@types/diff@7.0.2", "", {}, "sha512-JSWRMozjFKsGlEjiiKajUjIJVKuKdE3oVy2DNtK+fUo8q82nhFZ2CPQwicAIkXrofahDXrWJ7mjelvZphMS98Q=="],

    "diff": ["diff@8.0.4", "", {}, "sha512-DPi0FmjiSU5EvQV0++GFDOJ9ASQUVFh5kD+OzOnYdi7n3Wpm9hWWGfB/O2blfHcMVTL5WkQXSnRiK9makhrcnw=="],

    "undici": ["undici@8.3.0", "", {}, "sha512-TkUDgb6tl7KOGZ+7e8E3d2FYgUQgF6z5YypqjWmixVQSQERFcVrVg0ySADm2LVLRh5ljAaHTCR5Fmz3Q34rB7Q=="],

    "yaml": ["yaml@2.8.2", "", { "bin": { "yaml": "bin.mjs" } }, "sha512-mplynKqc1C2hTVYxd0PU2xQAc22TI1vShAYGksCCfxbn/dFwnHTNi1bvYsBTkhdUNtGIf5xNOg938rrSSYvS9A=="],
  }
}
