{
  "name": "pi-vs-cc",
  "lockfileVersion": 3,
  "requires": true,
  "packages": {
    "": {
      "name": "pi-vs-cc",
      "dependencies": {
        "@types/diff": "^7.0.2",
        "diff": "^8.0.3",
        "undici": "^8.0.2",
        "yaml": "^2.8.0"
      }
    },
    "node_modules/@types/diff": {
      "version": "7.0.2",
      "resolved": "https://registry.npmjs.org/@types/diff/-/diff-7.0.2.tgz",
      "integrity": "sha512-JSWRMozjFKsGlEjiiKajUjIJVKuKdE3oVy2DNtK+fUo8q82nhFZ2CPQwicAIkXrofahDXrWJ7mjelvZphMS98Q==",
      "license": "MIT"
    },
    "node_modules/diff": {
      "version": "8.0.3",
      "resolved": "https://registry.npmjs.org/diff/-/diff-8.0.3.tgz",
      "integrity": "sha512-qejHi7bcSD4hQAZE0tNAawRK1ZtafHDmMTMkrrIGgSLl7hTnQHmKCeB45xAcbfTqK2zowkM3j3bHt/4b/ARbYQ==",
      "license": "BSD-3-Clause",
      "engines": {
        "node": ">=0.3.1"
      }
    },
    "node_modules/undici": {
      "version": "8.0.2",
      "resolved": "https://registry.npmjs.org/undici/-/undici-8.0.2.tgz",
      "integrity": "sha512-B9MeU5wuFhkFAuNeA19K2GDFcQXZxq33fL0nRy2Aq30wdufZbyyvxW3/ChaeipXVfy/wUweZyzovQGk39+9k2w==",
      "license": "MIT",
      "engines": {
        "node": ">=22.19.0"
      }
    },
    "node_modules/yaml": {
      "version": "2.8.2",
      "license": "ISC",
      "bin": {
        "yaml": "bin.mjs"
      },
      "engines": {
        "node": ">= 14.6"
      },
      "funding": {
        "url": "https://github.com/sponsors/eemeli"
      }
    }
  }
}
